
Microsoft Visual Studio Solution File, Format Version 12.00
# Visual Studio Version 17
VisualStudioVersion = 17.2.32616.157
MinimumVisualStudioVersion = 10.0.40219.1
Project("{FAE04EC0-301F-11D3-BF4B-00C04F79EFBC}") = "CodeFirstDemo", "CodeFirstDemo\CodeFirstDemo.csproj", "{29402FA6-9E26-4D40-B574-F1E2ADE053F7}"
EndProject
Global
	GlobalSection(SolutionConfigurationPlatforms) = preSolution
		Debug|Any CPU = Debug|Any CPU
		Release|Any CPU = Release|Any CPU
	EndGlobalSection
	GlobalSection(ProjectConfigurationPlatforms) = postSolution
		{29402FA6-9E26-4D40-B574-F1E2ADE053F7}.Debug|Any CPU.ActiveCfg = Debug|Any CPU
		{29402FA6-9E26-4D40-B574-F1E2ADE053F7}.Debug|Any CPU.Build.0 = Debug|Any CPU
		{29402FA6-9E26-4D40-B574-F1E2ADE053F7}.Release|Any CPU.ActiveCfg = Release|Any CPU
		{29402FA6-9E26-4D40-B574-F1E2ADE053F7}.Release|Any CPU.Build.0 = Release|Any CPU
	EndGlobalSection
	GlobalSection(SolutionProperties) = preSolution
		HideSolutionNode = FALSE
	EndGlobalSection
	GlobalSection(ExtensibilityGlobals) = postSolution
		SolutionGuid = {77E207F6-7BB7-4851-B0FE-9BE1E0806794}
	EndGlobalSection
EndGlobal
